
Microsoft Visual Studio Solution File, Format Version 12.00
# Visual Studio Version 17
VisualStudioVersion = 17.4.33403.182
MinimumVisualStudioVersion = 10.0.40219.1
Project("{888888A0-9F3D-457C-B088-3A5042F75D52}") = "FlaskWebProject1", "FlaskWebProject1.pyproj", "{1F36E2E8-FA90-42FA-A53E-8FFA9BF27CF6}"
EndProject
Global
	GlobalSection(SolutionConfigurationPlatforms) = preSolution
		Debug|Any CPU = Debug|Any CPU
		Release|Any CPU = Release|Any CPU
	EndGlobalSection
	GlobalSection(ProjectConfigurationPlatforms) = postSolution
		{1F36E2E8-FA90-42FA-A53E-8FFA9BF27CF6}.Debug|Any CPU.ActiveCfg = Debug|Any CPU
		{1F36E2E8-FA90-42FA-A53E-8FFA9BF27CF6}.Debug|Any CPU.Build.0 = Debug|Any CPU
		{1F36E2E8-FA90-42FA-A53E-8FFA9BF27CF6}.Release|Any CPU.ActiveCfg = Release|Any CPU
		{1F36E2E8-FA90-42FA-A53E-8FFA9BF27CF6}.Release|Any CPU.Build.0 = Release|Any CPU
	EndGlobalSection
	GlobalSection(SolutionProperties) = preSolution
		HideSolutionNode = FALSE
	EndGlobalSection
	GlobalSection(ExtensibilityGlobals) = postSolution
		SolutionGuid = {05AC8562-A18D-4C79-A6AA-A59A9E509400}
	EndGlobalSection
EndGlobal
